
Microsoft Visual Studio Solution File, Format Version 12.00
# Visual Studio 15
VisualStudioVersion = 15.0.28307.329
MinimumVisualStudioVersion = 10.0.40219.1
Project("{FAE04EC0-301F-11D3-BF4B-00C04F79EFBC}") = "QDocument", "QDocument\QDocument.csproj", "{982FEEDC-FD85-46DC-B97F-8D904D0A37A2}"
EndProject
Global
	GlobalSection(SolutionConfigurationPlatforms) = preSolution
		Debug|Any CPU = Debug|Any CPU
		Release|Any CPU = Release|Any CPU
	EndGlobalSection
	GlobalSection(ProjectConfigurationPlatforms) = postSolution
		{982FEEDC-FD85-46DC-B97F-8D904D0A37A2}.Debug|Any CPU.ActiveCfg = Debug|Any CPU
		{982FEEDC-FD85-46DC-B97F-8D904D0A37A2}.Debug|Any CPU.Build.0 = Debug|Any CPU
		{982FEEDC-FD85-46DC-B97F-8D904D0A37A2}.Release|Any CPU.ActiveCfg = Release|Any CPU
		{982FEEDC-FD85-46DC-B97F-8D904D0A37A2}.Release|Any CPU.Build.0 = Release|Any CPU
	EndGlobalSection
	GlobalSection(SolutionProperties) = preSolution
		HideSolutionNode = FALSE
	EndGlobalSection
	GlobalSection(ExtensibilityGlobals) = postSolution
		SolutionGuid = {F4468E37-F8DD-4B5A-9B3C-7B54C58722C7}
	EndGlobalSection
EndGlobal
